
Microsoft Visual Studio Solution File, Format Version 12.00
# Visual Studio Version 17
VisualStudioVersion = 17.11.35208.52
MinimumVisualStudioVersion = 10.0.40219.1
Project("{FAE04EC0-301F-11D3-BF4B-00C04F79EFBC}") = "C#FinalProject", "C#FinalProject\C#FinalProject.csproj", "{5C151062-B3EA-4D63-93F5-576BECA41106}"
EndProject
Global
	GlobalSection(SolutionConfigurationPlatforms) = preSolution
		Debug|Any CPU = Debug|Any CPU
		Release|Any CPU = Release|Any CPU
	EndGlobalSection
	GlobalSection(ProjectConfigurationPlatforms) = postSolution
		{5C151062-B3EA-4D63-93F5-576BECA41106}.Debug|Any CPU.ActiveCfg = Debug|Any CPU
		{5C151062-B3EA-4D63-93F5-576BECA41106}.Debug|Any CPU.Build.0 = Debug|Any CPU
		{5C151062-B3EA-4D63-93F5-576BECA41106}.Release|Any CPU.ActiveCfg = Release|Any CPU
		{5C151062-B3EA-4D63-93F5-576BECA41106}.Release|Any CPU.Build.0 = Release|Any CPU
	EndGlobalSection
	GlobalSection(SolutionProperties) = preSolution
		HideSolutionNode = FALSE
	EndGlobalSection
	GlobalSection(ExtensibilityGlobals) = postSolution
		SolutionGuid = {447972D2-5257-44BF-8EBC-DD1A57FDD384}
	EndGlobalSection
EndGlobal
